	<Project xmlns="http://schemas.microsoft.com/developer/msbuild/2003">
		<PropertyGroup>
			<ProjectGuid>{FDB4BD24-2E9E-443B-A7AA-2803F50C3BBC}</ProjectGuid>
			<ProjectVersion>12.0</ProjectVersion>
			<MainSource>Project2.dpr</MainSource>
			<Config Condition="'$(Config)'==''">Debug</Config>
			<DCC_DCCCompiler>DCC32</DCC_DCCCompiler>
		</PropertyGroup>
		<PropertyGroup Condition="'$(Config)'=='Base' or '$(Base)'!=''">
			<Base>true</Base>
		</PropertyGroup>
		<PropertyGroup Condition="'$(Config)'=='Release' or '$(Cfg_1)'!=''">
			<Cfg_1>true</Cfg_1>
			<CfgParent>Base</CfgParent>
			<Base>true</Base>
		</PropertyGroup>
		<PropertyGroup Condition="'$(Config)'=='Debug' or '$(Cfg_2)'!=''">
			<Cfg_2>true</Cfg_2>
			<CfgParent>Base</CfgParent>
			<Base>true</Base>
		</PropertyGroup>
		<PropertyGroup Condition="'$(Base)'!=''">
			<DCC_UsePackage>vcl;rtl;dbrtl;vcldb;dxCoreRS14;dxmdsRS14;vclx;vclimg;Rave77VCL;bdertl;vclactnband;xmlrtl;vcldbx;vcltouch;dsnap;dsnapcon;TeeUI;TeeDB;Tee;vclib;ibxpress;adortl;IndyCore;IndySystem;IndyProtocols;inet;intrawebdb_100_140;Intraweb_100_140;VclSmp;vclie;vclribbon;dxFlowChartRS14;cxLibraryRS14;dxGDIPlusRS14;dxThemeRS14;dxServerModeRS14;cxDataRS14;dxADOServerModeRS14;cxEditorsRS14;cxPageControlRS14;dxLayoutControlRS14;dxComnRS14;dxDockingRS14;dxNavBarRS14;dxWizardControlRS14;cxGridRS14;cxExportRS14;cxPivotGridRS14;cxPivotGridChartRS14;cxPivotGridOLAPRS14;cxTreeListRS14;dxBarRS14;cxBarEditItemRS14;dxRibbonRS14;dxTabbedMDIRS14;dxBarExtItemsRS14;dxBarExtDBItemsRS14;dxBarDBNavRS14;cxSchedulerRS14;cxSchedulerGridRS14;cxSchedulerTreeBrowserRS14;cxVerticalGridRS14;dxdbtrRS14;dxtrmdRS14;dcldxSkinsCoreRS14;dxSkinsCoreRS14;dxPScxPCProdRS14;dxPSCoreRS14;dxPSLnksRS14;dxPScxCommonRS14;dxPScxExtCommonRS14;dxPSTeeChartRS14;dxPSDBTeeChartRS14;dxPsPrVwAdvRS14;dxPSPrVwRibbonRS14;dxSpellCheckerRS14;dxorgcRS14;dxdborRS14;dxTileControlRS14;cxPageControldxBarPopupMenuRS14;cxTreeListdxBarPopupMenuRS14;dxSkinscxPCPainterRS14;dxSkinscxSchedulerPainterRS14;dxSkinsdxBarPainterRS14;dxSkinsdxDLPainterRS14;dxSkinsdxNavBarPainterRS14;dxSkinsdxRibbonPainterRS14;dxSkinBlackRS14;dxSkinBlueprintRS14;dxSkinBlueRS14;dxSkinCaramelRS14;dxSkinCoffeeRS14;dxSkinDarkRoomRS14;dxSkinDarkSideRS14;dxSkinDevExpressDarkStyleRS14;dxSkinDevExpressStyleRS14;dxSkinFoggyRS14;dxSkinGlassOceansRS14;dxSkinHighContrastRS14;dxSkiniMaginaryRS14;dxSkinLilianRS14;dxSkinLiquidSkyRS14;dxSkinLondonLiquidSkyRS14;dxSkinMcSkinRS14;dxSkinMoneyTwinsRS14;dxSkinOffice2007BlackRS14;dxSkinOffice2007BlueRS14;dxSkinOffice2007GreenRS14;dxSkinOffice2007PinkRS14;dxSkinOffice2007SilverRS14;dxSkinOffice2010BlackRS14;dxSkinOffice2010BlueRS14;dxSkinOffice2010SilverRS14;dxSkinOffice2013WhiteRS14;dxSkinPumpkinRS14;dxSkinSevenClassicRS14;dxSkinSevenRS14;dxSkinSharpPlusRS14;dxSkinSharpRS14;dxSkinSilverRS14;dxSkinSpringTimeRS14;dxSkinStardustRS14;dxSkinSummer2008RS14;dxSkinTheAsphaltWorldRS14;dxSkinValentineRS14;dxSkinVS2010RS14;dxSkinWhiteprintRS14;dxSkinXmas2008BlueRS14;dxPSdxLCLnkRS14;dxPScxGridLnkRS14;dxPScxPivotGridLnkRS14;dxPScxSchedulerLnkRS14;dxPScxTLLnkRS14;dxPScxVGridLnkRS14;dxPSdxOCLnkRS14;dxPSdxDBOCLnkRS14;dxPSdxDBTVLnkRS14;dxPSdxFCLnkRS14;rxctl;rxdb;rxbde;dacvcl140;dac140;crcontrols140;unidacvcl140;unidac140;QR5RunD2010;dclRBE1414;rbCIDE1414;rbIDE1414;rbRCL1414;rbBDE1414;rbUSERDesign1414;rbUSER1414;rbDIDE1414;rbDAD1414;dclRBBDE1414;rbDBDE1414;rbDB1414;dclRBADO1414;rbADO1414;dclRBIBE1414;rbIBE1414;rbRIDE1414;rbRAP1414;rbTCUI1414;rbTC1414</DCC_UsePackage>
			<DCC_DependencyCheckOutputName>Project2.exe</DCC_DependencyCheckOutputName>
			<DCC_ImageBase>00400000</DCC_ImageBase>
			<DCC_UnitAlias>WinTypes=Windows;WinProcs=Windows;DbiTypes=BDE;DbiProcs=BDE;DbiErrs=BDE;$(DCC_UnitAlias)</DCC_UnitAlias>
			<DCC_Platform>x86</DCC_Platform>
			<DCC_E>false</DCC_E>
			<DCC_N>false</DCC_N>
			<DCC_S>false</DCC_S>
			<DCC_F>false</DCC_F>
			<DCC_K>false</DCC_K>
		</PropertyGroup>
		<PropertyGroup Condition="'$(Cfg_1)'!=''">
			<DCC_LocalDebugSymbols>false</DCC_LocalDebugSymbols>
			<DCC_Define>RELEASE;$(DCC_Define)</DCC_Define>
			<DCC_SymbolReferenceInfo>0</DCC_SymbolReferenceInfo>
			<DCC_DebugInformation>false</DCC_DebugInformation>
		</PropertyGroup>
		<PropertyGroup Condition="'$(Cfg_2)'!=''">
			<DCC_Define>DEBUG;$(DCC_Define)</DCC_Define>
		</PropertyGroup>
		<ItemGroup>
			<DelphiCompile Include="Project2.dpr">
				<MainSource>MainSource</MainSource>
			</DelphiCompile>
			<DCCReference Include="Unit3.pas">
				<Form>FrmGiris</Form>
			</DCCReference>
			<DCCReference Include="Unit1.pas">
				<Form>frmMusteri</Form>
			</DCCReference>
			<DCCReference Include="Unit5.pas">
				<Form>FrmSiparisDetay</Form>
			</DCCReference>
			<DCCReference Include="Unit6.pas">
				<Form>FrmUrun</Form>
			</DCCReference>
			<DCCReference Include="Unit7.pas">
				<Form>FrmSiparisMaster</Form>
			</DCCReference>
			<DCCReference Include="global.pas"/>
			<DCCReference Include="Brlibrary.pas"/>
			<BuildConfiguration Include="Base">
				<Key>Base</Key>
			</BuildConfiguration>
			<BuildConfiguration Include="Debug">
				<Key>Cfg_2</Key>
				<CfgParent>Base</CfgParent>
			</BuildConfiguration>
			<BuildConfiguration Include="Release">
				<Key>Cfg_1</Key>
				<CfgParent>Base</CfgParent>
			</BuildConfiguration>
		</ItemGroup>
		<Import Project="$(BDS)\Bin\CodeGear.Delphi.Targets" Condition="Exists('$(BDS)\Bin\CodeGear.Delphi.Targets')"/>
		<ProjectExtensions>
			<Borland.Personality>Delphi.Personality.12</Borland.Personality>
			<Borland.ProjectType/>
			<BorlandProject>
				<Delphi.Personality>
					<Parameters>
						<Parameters Name="UseLauncher">False</Parameters>
						<Parameters Name="LoadAllSymbols">True</Parameters>
						<Parameters Name="LoadUnspecifiedSymbols">False</Parameters>
					</Parameters>
					<VersionInfo>
						<VersionInfo Name="IncludeVerInfo">False</VersionInfo>
						<VersionInfo Name="AutoIncBuild">False</VersionInfo>
						<VersionInfo Name="MajorVer">1</VersionInfo>
						<VersionInfo Name="MinorVer">0</VersionInfo>
						<VersionInfo Name="Release">0</VersionInfo>
						<VersionInfo Name="Build">0</VersionInfo>
						<VersionInfo Name="Debug">False</VersionInfo>
						<VersionInfo Name="PreRelease">False</VersionInfo>
						<VersionInfo Name="Special">False</VersionInfo>
						<VersionInfo Name="Private">False</VersionInfo>
						<VersionInfo Name="DLL">False</VersionInfo>
						<VersionInfo Name="Locale">1055</VersionInfo>
						<VersionInfo Name="CodePage">1254</VersionInfo>
					</VersionInfo>
					<VersionInfoKeys>
						<VersionInfoKeys Name="CompanyName"/>
						<VersionInfoKeys Name="FileDescription"/>
						<VersionInfoKeys Name="FileVersion">1.0.0.0</VersionInfoKeys>
						<VersionInfoKeys Name="InternalName"/>
						<VersionInfoKeys Name="LegalCopyright"/>
						<VersionInfoKeys Name="LegalTrademarks"/>
						<VersionInfoKeys Name="OriginalFilename"/>
						<VersionInfoKeys Name="ProductName"/>
						<VersionInfoKeys Name="ProductVersion">1.0.0.0</VersionInfoKeys>
						<VersionInfoKeys Name="Comments"/>
					</VersionInfoKeys>
					<Source>
						<Source Name="MainSource">Project2.dpr</Source>
					</Source>
					<Excluded_Packages>
						<Excluded_Packages Name="C:\Users\Public\Documents\RAD Studio\7.0\Bpl\JvCoreDesign140.bpl">JVCL Core Components</Excluded_Packages>
						<Excluded_Packages Name="C:\Users\Public\Documents\RAD Studio\7.0\Bpl\JvWizardsDesign140.bpl">JVCL Wizard</Excluded_Packages>
						<Excluded_Packages Name="C:\Users\Public\Documents\RAD Studio\7.0\Bpl\JvSystemDesign140.bpl">JVCL System Components</Excluded_Packages>
						<Excluded_Packages Name="C:\Users\Public\Documents\RAD Studio\7.0\Bpl\JvStdCtrlsDesign140.bpl">JVCL Standard Controls</Excluded_Packages>
						<Excluded_Packages Name="C:\Users\Public\Documents\RAD Studio\7.0\Bpl\JvCmpDesign140.bpl">JVCL Non-Visual Components</Excluded_Packages>
						<Excluded_Packages Name="C:\Users\Public\Documents\RAD Studio\7.0\Bpl\JvCustomDesign140.bpl">JVCL Custom Controls</Excluded_Packages>
						<Excluded_Packages Name="$(BDS)\bin\dclnet140.bpl">Embarcadero Internet Components</Excluded_Packages>
						<Excluded_Packages Name="$(BDS)\bin\dclsoap140.bpl">Embarcadero SOAP Components</Excluded_Packages>
						<Excluded_Packages Name="$(BDS)\bin\dclwebsnap140.bpl">Embarcadero WebSnap Components</Excluded_Packages>
						<Excluded_Packages Name="$(BDS)\bin\bcboffice2k140.bpl">Embarcadero C++Builder Office 2000 Servers Package</Excluded_Packages>
						<Excluded_Packages Name="$(BDS)\bin\bcbofficexp140.bpl">Embarcadero C++Builder Office XP Servers Package</Excluded_Packages>
						<Excluded_Packages Name="$(BDS)\bin\dcloffice2k140.bpl">Microsoft Office 2000 Sample Automation Server Wrapper Components</Excluded_Packages>
						<Excluded_Packages Name="$(BDS)\bin\dclofficexp140.bpl">Microsoft Office XP Sample Automation Server Wrapper Components</Excluded_Packages>
						<Excluded_Packages Name="$(BDS)\RBuilder\Lib\dclRBDBE1414.bpl">ReportBuilder Data Access for dbExpress</Excluded_Packages>
					</Excluded_Packages>
				</Delphi.Personality>
				<ModelSupport>False</ModelSupport>
			</BorlandProject>
			<ProjectFileVersion>12</ProjectFileVersion>
		</ProjectExtensions>
	</Project>
